
Microsoft Visual Studio Solution File, Format Version 12.00
# Visual Studio 15
VisualStudioVersion = 15.0.28307.421
MinimumVisualStudioVersion = 10.0.40219.1
Project("{FAE04EC0-301F-11D3-BF4B-00C04F79EFBC}") = "FarmTradeFinal", "FarmTradeFinal\FarmTradeFinal.csproj", "{B3FF8AA3-506E-4B17-953B-9D3F7B616054}"
EndProject
Global
	GlobalSection(SolutionConfigurationPlatforms) = preSolution
		Debug|Any CPU = Debug|Any CPU
		Release|Any CPU = Release|Any CPU
	EndGlobalSection
	GlobalSection(ProjectConfigurationPlatforms) = postSolution
		{B3FF8AA3-506E-4B17-953B-9D3F7B616054}.Debug|Any CPU.ActiveCfg = Debug|Any CPU
		{B3FF8AA3-506E-4B17-953B-9D3F7B616054}.Debug|Any CPU.Build.0 = Debug|Any CPU
		{B3FF8AA3-506E-4B17-953B-9D3F7B616054}.Release|Any CPU.ActiveCfg = Release|Any CPU
		{B3FF8AA3-506E-4B17-953B-9D3F7B616054}.Release|Any CPU.Build.0 = Release|Any CPU
	EndGlobalSection
	GlobalSection(SolutionProperties) = preSolution
		HideSolutionNode = FALSE
	EndGlobalSection
	GlobalSection(ExtensibilityGlobals) = postSolution
		SolutionGuid = {2EB92D32-AF95-4B9A-9B4C-F659D4430D9B}
	EndGlobalSection
EndGlobal
